
Microsoft Visual Studio Solution File, Format Version 12.00
# Visual Studio Version 16
VisualStudioVersion = 16.0.31005.135
MinimumVisualStudioVersion = 10.0.40219.1
Project("{FAE04EC0-301F-11D3-BF4B-00C04F79EFBC}") = "Otel", "Otel\Otel.csproj", "{5EEA8884-719A-43F2-91B1-4443ACC78890}"
EndProject
Project("{FAE04EC0-301F-11D3-BF4B-00C04F79EFBC}") = "HotelUnitTest", "HotelUnitTest\HotelUnitTest.csproj", "{DAE1990A-C316-40A2-A74B-36A3A2EF288B}"
EndProject
Global
	GlobalSection(SolutionConfigurationPlatforms) = preSolution
		Debug|Any CPU = Debug|Any CPU
		Release|Any CPU = Release|Any CPU
	EndGlobalSection
	GlobalSection(ProjectConfigurationPlatforms) = postSolution
		{5EEA8884-719A-43F2-91B1-4443ACC78890}.Debug|Any CPU.ActiveCfg = Debug|Any CPU
		{5EEA8884-719A-43F2-91B1-4443ACC78890}.Debug|Any CPU.Build.0 = Debug|Any CPU
		{5EEA8884-719A-43F2-91B1-4443ACC78890}.Release|Any CPU.ActiveCfg = Release|Any CPU
		{5EEA8884-719A-43F2-91B1-4443ACC78890}.Release|Any CPU.Build.0 = Release|Any CPU
		{DAE1990A-C316-40A2-A74B-36A3A2EF288B}.Debug|Any CPU.ActiveCfg = Debug|Any CPU
		{DAE1990A-C316-40A2-A74B-36A3A2EF288B}.Debug|Any CPU.Build.0 = Debug|Any CPU
		{DAE1990A-C316-40A2-A74B-36A3A2EF288B}.Release|Any CPU.ActiveCfg = Release|Any CPU
		{DAE1990A-C316-40A2-A74B-36A3A2EF288B}.Release|Any CPU.Build.0 = Release|Any CPU
	EndGlobalSection
	GlobalSection(SolutionProperties) = preSolution
		HideSolutionNode = FALSE
	EndGlobalSection
	GlobalSection(ExtensibilityGlobals) = postSolution
		SolutionGuid = {61A68FB1-78DD-4030-9B09-1029CE974154}
	EndGlobalSection
EndGlobal
